
Microsoft Visual Studio Solution File, Format Version 12.00
# Visual Studio Version 16
VisualStudioVersion = 16.0.31605.320
MinimumVisualStudioVersion = 10.0.40219.1
Project("{9A19103F-16F7-4668-BE54-9A1E7A4F7556}") = "EasyNetQ.DeadLetterStrategy", "src\EasyNetQ.DeadLetterStrategy\EasyNetQ.DeadLetterStrategy.csproj", "{B0B9E408-AC42-40AA-A813-2B03DD0EF938}"
EndProject
Global
	GlobalSection(SolutionConfigurationPlatforms) = preSolution
		Debug|Any CPU = Debug|Any CPU
		Release|Any CPU = Release|Any CPU
	EndGlobalSection
	GlobalSection(ProjectConfigurationPlatforms) = postSolution
		{B0B9E408-AC42-40AA-A813-2B03DD0EF938}.Debug|Any CPU.ActiveCfg = Debug|Any CPU
		{B0B9E408-AC42-40AA-A813-2B03DD0EF938}.Debug|Any CPU.Build.0 = Debug|Any CPU
		{B0B9E408-AC42-40AA-A813-2B03DD0EF938}.Release|Any CPU.ActiveCfg = Release|Any CPU
		{B0B9E408-AC42-40AA-A813-2B03DD0EF938}.Release|Any CPU.Build.0 = Release|Any CPU
	EndGlobalSection
	GlobalSection(SolutionProperties) = preSolution
		HideSolutionNode = FALSE
	EndGlobalSection
	GlobalSection(ExtensibilityGlobals) = postSolution
		SolutionGuid = {27F620D3-B855-4115-A4FF-A4532F42DF06}
	EndGlobalSection
EndGlobal
